
Microsoft Visual Studio Solution File, Format Version 12.00
# Visual Studio 15
VisualStudioVersion = 15.0.28307.1340
MinimumVisualStudioVersion = 10.0.40219.1
Project("{8BC9CEB8-8B4A-11D0-8D11-00A0C91BC942}") = "时隔已久的开始！3.3", "时隔已久的开始！3.3\时隔已久的开始！3.3.vcxproj", "{80BD5E73-7A61-4B5B-B271-230F20B2A5F1}"
EndProject
Global
	GlobalSection(SolutionConfigurationPlatforms) = preSolution
		Debug|x64 = Debug|x64
		Debug|x86 = Debug|x86
		Release|x64 = Release|x64
		Release|x86 = Release|x86
	EndGlobalSection
	GlobalSection(ProjectConfigurationPlatforms) = postSolution
		{80BD5E73-7A61-4B5B-B271-230F20B2A5F1}.Debug|x64.ActiveCfg = Debug|x64
		{80BD5E73-7A61-4B5B-B271-230F20B2A5F1}.Debug|x64.Build.0 = Debug|x64
		{80BD5E73-7A61-4B5B-B271-230F20B2A5F1}.Debug|x86.ActiveCfg = Debug|Win32
		{80BD5E73-7A61-4B5B-B271-230F20B2A5F1}.Debug|x86.Build.0 = Debug|Win32
		{80BD5E73-7A61-4B5B-B271-230F20B2A5F1}.Release|x64.ActiveCfg = Release|x64
		{80BD5E73-7A61-4B5B-B271-230F20B2A5F1}.Release|x64.Build.0 = Release|x64
		{80BD5E73-7A61-4B5B-B271-230F20B2A5F1}.Release|x86.ActiveCfg = Release|Win32
		{80BD5E73-7A61-4B5B-B271-230F20B2A5F1}.Release|x86.Build.0 = Release|Win32
	EndGlobalSection
	GlobalSection(SolutionProperties) = preSolution
		HideSolutionNode = FALSE
	EndGlobalSection
	GlobalSection(ExtensibilityGlobals) = postSolution
		SolutionGuid = {61000CD6-F6E3-4DB3-B041-0CF1E836C3FD}
	EndGlobalSection
EndGlobal
